
Microsoft Visual Studio Solution File, Format Version 12.00
# Visual Studio Version 17
VisualStudioVersion = 17.0.31717.71
MinimumVisualStudioVersion = 10.0.40219.1
Project("{FAE04EC0-301F-11D3-BF4B-00C04F79EFBC}") = "myCSharpClass", "myCSharpClass.csproj", "{B052556A-F9C2-4FC2-AA98-4285A7D81B9B}"
EndProject
Global
	GlobalSection(SolutionConfigurationPlatforms) = preSolution
		Debug|Any CPU = Debug|Any CPU
		Release|Any CPU = Release|Any CPU
	EndGlobalSection
	GlobalSection(ProjectConfigurationPlatforms) = postSolution
		{B052556A-F9C2-4FC2-AA98-4285A7D81B9B}.Debug|Any CPU.ActiveCfg = Debug|Any CPU
		{B052556A-F9C2-4FC2-AA98-4285A7D81B9B}.Debug|Any CPU.Build.0 = Debug|Any CPU
		{B052556A-F9C2-4FC2-AA98-4285A7D81B9B}.Release|Any CPU.ActiveCfg = Release|Any CPU
		{B052556A-F9C2-4FC2-AA98-4285A7D81B9B}.Release|Any CPU.Build.0 = Release|Any CPU
	EndGlobalSection
	GlobalSection(SolutionProperties) = preSolution
		HideSolutionNode = FALSE
	EndGlobalSection
	GlobalSection(ExtensibilityGlobals) = postSolution
		SolutionGuid = {6F96734A-C2C3-4EA9-9FD1-A0CD2ED37A2D}
	EndGlobalSection
EndGlobal
